<?xml version="1.0" encoding="utf-8"?>
<Project ToolsVersion="17.0" xmlns="http://schemas.microsoft.com/developer/msbuild/2003">
  <ItemGroup>
    <CustomBuild Include="C:\Users\Adam\Documents\Coding\Data_Structures\GoogleTestCode\googletest-main-built\CMakeFiles\3b3c1cd0782fe0117b2a402c8b950ee4\INSTALL_force.rule">
      <Filter>CMake Rules</Filter>
    </CustomBuild>
  </ItemGroup>
  <ItemGroup>
    <Filter Include="CMake Rules">
      <UniqueIdentifier>{DDE07F04-E887-3577-9556-2A7ADB92E7AA}</UniqueIdentifier>
    </Filter>
  </ItemGroup>
</Project>
